PODS:
  - JointThirdSocial (0.0.1)
  - UMengUShare/Core (6.4.8.2):
    - UMengUShare/Network
  - UMengUShare/Network (6.4.8.2)
  - UMengUShare/Social/ReducedQQ (6.4.8.2):
    - UMengUShare/Core
  - UMengUShare/Social/ReducedSina (6.4.8.2):
    - UMengUShare/Core
  - UMengUShare/Social/ReducedWeChat (6.4.8.2):
    - UMengUShare/Core
  - UMengUShare/UI (6.4.8.2):
    - UMengUShare/Core

DEPENDENCIES:
  - JointThirdSocial
  - UMengUShare/Social/ReducedQQ
  - UMengUShare/Social/ReducedSina
  - UMengUShare/Social/ReducedWeChat
  - UMengUShare/UI

SPEC REPOS:
  http://gitlab.caiqr.com/zhangjunjie/ExchangePodSpecs.git:
    - JointThirdSocial
  https://github.com/CocoaPods/Specs.git:
    - UMengUShare

SPEC CHECKSUMS:
  JointThirdSocial: 1bc317bd5aadc78987e1782cc0f11b597afc46df
  UMengUShare: 370d180101e13ee0227ae657ab119ba97243d2b3

PODFILE CHECKSUM: 30ec4d82dd653d8e7ba18cd03aa2c2c10a63c6f7

COCOAPODS: 1.5.0
